
Microsoft Visual Studio Solution File, Format Version 12.00
Project("{FAE04EC0-301F-11D3-BF4B-00C04F79EFBC}") = "sectreborn", "sectreborn\sectreborn.csproj", "{68D18D10-A682-4D7E-BB67-3815EA1336E7}"
EndProject
Global
	GlobalSection(SolutionConfigurationPlatforms) = preSolution
		Debug|Any CPU = Debug|Any CPU
		Release|Any CPU = Release|Any CPU
	EndGlobalSection
	GlobalSection(ProjectConfigurationPlatforms) = postSolution
		{68D18D10-A682-4D7E-BB67-3815EA1336E7}.Debug|Any CPU.ActiveCfg = Debug|Any CPU
		{68D18D10-A682-4D7E-BB67-3815EA1336E7}.Debug|Any CPU.Build.0 = Debug|Any CPU
		{68D18D10-A682-4D7E-BB67-3815EA1336E7}.Release|Any CPU.ActiveCfg = Release|Any CPU
		{68D18D10-A682-4D7E-BB67-3815EA1336E7}.Release|Any CPU.Build.0 = Release|Any CPU
	EndGlobalSection
EndGlobal
